
Microsoft Visual Studio Solution File, Format Version 12.00
# Visual Studio Version 17
VisualStudioVersion = 17.11.35312.102
MinimumVisualStudioVersion = 10.0.40219.1
Project("{9A19103F-16F7-4668-BE54-9A1E7A4F7556}") = "RATA", "RATA\RATA.csproj", "{E0D72C21-5D85-4F89-A911-05427714AFF9}"
EndProject
Project("{9A19103F-16F7-4668-BE54-9A1E7A4F7556}") = "RATA.Shared", "RATA.Shared\RATA.Shared.csproj", "{ADD6BD7B-5860-473D-A25D-915343F986C5}"
EndProject
Project("{FAE04EC0-301F-11D3-BF4B-00C04F79EFBC}") = "RATA.Migrator", "RATA.Migrator\RATA.Migrator.csproj", "{80FCF477-81C6-4FDC-B077-BDBAC48938A9}"
EndProject
Global
	GlobalSection(SolutionConfigurationPlatforms) = preSolution
		Debug|Any CPU = Debug|Any CPU
		Release|Any CPU = Release|Any CPU
	EndGlobalSection
	GlobalSection(ProjectConfigurationPlatforms) = postSolution
		{E0D72C21-5D85-4F89-A911-05427714AFF9}.Debug|Any CPU.ActiveCfg = Debug|Any CPU
		{E0D72C21-5D85-4F89-A911-05427714AFF9}.Debug|Any CPU.Build.0 = Debug|Any CPU
		{E0D72C21-5D85-4F89-A911-05427714AFF9}.Debug|Any CPU.Deploy.0 = Debug|Any CPU
		{E0D72C21-5D85-4F89-A911-05427714AFF9}.Release|Any CPU.ActiveCfg = Release|Any CPU
		{E0D72C21-5D85-4F89-A911-05427714AFF9}.Release|Any CPU.Build.0 = Release|Any CPU
		{E0D72C21-5D85-4F89-A911-05427714AFF9}.Release|Any CPU.Deploy.0 = Release|Any CPU
		{ADD6BD7B-5860-473D-A25D-915343F986C5}.Debug|Any CPU.ActiveCfg = Debug|Any CPU
		{ADD6BD7B-5860-473D-A25D-915343F986C5}.Debug|Any CPU.Build.0 = Debug|Any CPU
		{ADD6BD7B-5860-473D-A25D-915343F986C5}.Release|Any CPU.ActiveCfg = Release|Any CPU
		{ADD6BD7B-5860-473D-A25D-915343F986C5}.Release|Any CPU.Build.0 = Release|Any CPU
		{80FCF477-81C6-4FDC-B077-BDBAC48938A9}.Debug|Any CPU.ActiveCfg = Debug|Any CPU
		{80FCF477-81C6-4FDC-B077-BDBAC48938A9}.Debug|Any CPU.Build.0 = Debug|Any CPU
		{80FCF477-81C6-4FDC-B077-BDBAC48938A9}.Release|Any CPU.ActiveCfg = Release|Any CPU
		{80FCF477-81C6-4FDC-B077-BDBAC48938A9}.Release|Any CPU.Build.0 = Release|Any CPU
	EndGlobalSection
	GlobalSection(SolutionProperties) = preSolution
		HideSolutionNode = FALSE
	EndGlobalSection
	GlobalSection(ExtensibilityGlobals) = postSolution
		SolutionGuid = {52962526-2DE1-408D-B8B5-7E76208C9F9B}
	EndGlobalSection
EndGlobal
